
Microsoft Visual Studio Solution File, Format Version 12.00
# Visual Studio Version 16
VisualStudioVersion = 16.0.28803.352
MinimumVisualStudioVersion = 10.0.40219.1
Project("{FAE04EC0-301F-11D3-BF4B-00C04F79EFBC}") = "QuestionOne", "QuestionOne\QuestionOne.csproj", "{CA917157-7CD3-4F8E-A82D-D699E55A1B0C}"
EndProject
Project("{FAE04EC0-301F-11D3-BF4B-00C04F79EFBC}") = "QuestionTwo", "QuestionTwo\QuestionTwo.csproj", "{9124ADF3-9E6B-40DB-BA1F-3F7A03DF421A}"
EndProject
Project("{FAE04EC0-301F-11D3-BF4B-00C04F79EFBC}") = "QuestionThree", "QuestionThree\QuestionThree.csproj", "{153CCEDD-BE6A-4E35-B149-6E496A8E5D5F}"
EndProject
Global
	GlobalSection(SolutionConfigurationPlatforms) = preSolution
		Debug|Any CPU = Debug|Any CPU
		Release|Any CPU = Release|Any CPU
	EndGlobalSection
	GlobalSection(ProjectConfigurationPlatforms) = postSolution
		{CA917157-7CD3-4F8E-A82D-D699E55A1B0C}.Debug|Any CPU.ActiveCfg = Debug|Any CPU
		{CA917157-7CD3-4F8E-A82D-D699E55A1B0C}.Debug|Any CPU.Build.0 = Debug|Any CPU
		{CA917157-7CD3-4F8E-A82D-D699E55A1B0C}.Release|Any CPU.ActiveCfg = Release|Any CPU
		{CA917157-7CD3-4F8E-A82D-D699E55A1B0C}.Release|Any CPU.Build.0 = Release|Any CPU
		{9124ADF3-9E6B-40DB-BA1F-3F7A03DF421A}.Debug|Any CPU.ActiveCfg = Debug|Any CPU
		{9124ADF3-9E6B-40DB-BA1F-3F7A03DF421A}.Debug|Any CPU.Build.0 = Debug|Any CPU
		{9124ADF3-9E6B-40DB-BA1F-3F7A03DF421A}.Release|Any CPU.ActiveCfg = Release|Any CPU
		{9124ADF3-9E6B-40DB-BA1F-3F7A03DF421A}.Release|Any CPU.Build.0 = Release|Any CPU
		{153CCEDD-BE6A-4E35-B149-6E496A8E5D5F}.Debug|Any CPU.ActiveCfg = Debug|Any CPU
		{153CCEDD-BE6A-4E35-B149-6E496A8E5D5F}.Debug|Any CPU.Build.0 = Debug|Any CPU
		{153CCEDD-BE6A-4E35-B149-6E496A8E5D5F}.Release|Any CPU.ActiveCfg = Release|Any CPU
		{153CCEDD-BE6A-4E35-B149-6E496A8E5D5F}.Release|Any CPU.Build.0 = Release|Any CPU
	EndGlobalSection
	GlobalSection(SolutionProperties) = preSolution
		HideSolutionNode = FALSE
	EndGlobalSection
	GlobalSection(ExtensibilityGlobals) = postSolution
		SolutionGuid = {94A0DD04-AC72-4BDE-9FE1-A831CEFA8814}
	EndGlobalSection
EndGlobal
