
Microsoft Visual Studio Solution File, Format Version 12.00
# Visual Studio Version 16
VisualStudioVersion = 16.0.28803.352
MinimumVisualStudioVersion = 10.0.40219.1
Project("{FAE04EC0-301F-11D3-BF4B-00C04F79EFBC}") = "EntryPoint", "EntryPoint\EntryPoint.csproj", "{939E0656-8FE9-4292-9E4B-C36A2A65A357}"
EndProject
Project("{FAE04EC0-301F-11D3-BF4B-00C04F79EFBC}") = "EvenNumberEvaluator", "EvenNumberEvaluator\EvenNumberEvaluator.csproj", "{42092949-EC20-41CE-A201-3A236F6B87AD}"
EndProject
Project("{FAE04EC0-301F-11D3-BF4B-00C04F79EFBC}") = "EvenNumberEvaluator.Test", "EvenNumberEvaluator.Test\EvenNumberEvaluator.Test.csproj", "{EE81DF02-91BA-424E-A3F0-2E48F524DBEC}"
EndProject
Project("{FAE04EC0-301F-11D3-BF4B-00C04F79EFBC}") = "BinaryTriangle", "BinaryTriangle\BinaryTriangle.csproj", "{9A49B290-3B1D-4255-B5B1-884B7C34D3D7}"
EndProject
Project("{FAE04EC0-301F-11D3-BF4B-00C04F79EFBC}") = "Palindrome", "Palindrone\Palindrome.csproj", "{9D97082F-31BA-4A87-B381-0DD37ACA672D}"
EndProject
Project("{FAE04EC0-301F-11D3-BF4B-00C04F79EFBC}") = "Factorial", "Factorial\Factorial.csproj", "{72491B42-4FE5-40EF-8981-069B1576B60A}"
EndProject
Project("{FAE04EC0-301F-11D3-BF4B-00C04F79EFBC}") = "Statistics", "Statistics\Statistics.csproj", "{320DFB74-2870-497F-B145-7635DAFE239B}"
EndProject
Project("{FAE04EC0-301F-11D3-BF4B-00C04F79EFBC}") = "Sort", "Sort\Sort.csproj", "{801DD0B5-D640-47B2-B3C6-52577DDBFAB4}"
EndProject
Project("{FAE04EC0-301F-11D3-BF4B-00C04F79EFBC}") = "Swap", "Swap\Swap.csproj", "{E56F1AEE-C674-4A7F-899B-0D9EB939DC08}"
EndProject
Project("{FAE04EC0-301F-11D3-BF4B-00C04F79EFBC}") = "Occurrence", "Occurrence\Occurrence.csproj", "{39DDE1ED-B521-46EE-922B-102B747F8631}"
EndProject
Project("{FAE04EC0-301F-11D3-BF4B-00C04F79EFBC}") = "Duplicate", "Duplicate\Duplicate.csproj", "{0D3E894D-B7CA-43D7-96D3-BD4E0C3C0205}"
EndProject
Project("{FAE04EC0-301F-11D3-BF4B-00C04F79EFBC}") = "FibonacciSeries", "FibonacciSeries\FibonacciSeries.csproj", "{E1217A6C-2E6C-4232-A72C-A2444F1D8655}"
EndProject
Global
	GlobalSection(SolutionConfigurationPlatforms) = preSolution
		Debug|Any CPU = Debug|Any CPU
		Release|Any CPU = Release|Any CPU
	EndGlobalSection
	GlobalSection(ProjectConfigurationPlatforms) = postSolution
		{939E0656-8FE9-4292-9E4B-C36A2A65A357}.Debug|Any CPU.ActiveCfg = Debug|Any CPU
		{939E0656-8FE9-4292-9E4B-C36A2A65A357}.Debug|Any CPU.Build.0 = Debug|Any CPU
		{939E0656-8FE9-4292-9E4B-C36A2A65A357}.Release|Any CPU.ActiveCfg = Release|Any CPU
		{939E0656-8FE9-4292-9E4B-C36A2A65A357}.Release|Any CPU.Build.0 = Release|Any CPU
		{42092949-EC20-41CE-A201-3A236F6B87AD}.Debug|Any CPU.ActiveCfg = Debug|Any CPU
		{42092949-EC20-41CE-A201-3A236F6B87AD}.Debug|Any CPU.Build.0 = Debug|Any CPU
		{42092949-EC20-41CE-A201-3A236F6B87AD}.Release|Any CPU.ActiveCfg = Release|Any CPU
		{42092949-EC20-41CE-A201-3A236F6B87AD}.Release|Any CPU.Build.0 = Release|Any CPU
		{EE81DF02-91BA-424E-A3F0-2E48F524DBEC}.Debug|Any CPU.ActiveCfg = Debug|Any CPU
		{EE81DF02-91BA-424E-A3F0-2E48F524DBEC}.Debug|Any CPU.Build.0 = Debug|Any CPU
		{EE81DF02-91BA-424E-A3F0-2E48F524DBEC}.Release|Any CPU.ActiveCfg = Release|Any CPU
		{EE81DF02-91BA-424E-A3F0-2E48F524DBEC}.Release|Any CPU.Build.0 = Release|Any CPU
		{9A49B290-3B1D-4255-B5B1-884B7C34D3D7}.Debug|Any CPU.ActiveCfg = Debug|Any CPU
		{9A49B290-3B1D-4255-B5B1-884B7C34D3D7}.Debug|Any CPU.Build.0 = Debug|Any CPU
		{9A49B290-3B1D-4255-B5B1-884B7C34D3D7}.Release|Any CPU.ActiveCfg = Release|Any CPU
		{9A49B290-3B1D-4255-B5B1-884B7C34D3D7}.Release|Any CPU.Build.0 = Release|Any CPU
		{9D97082F-31BA-4A87-B381-0DD37ACA672D}.Debug|Any CPU.ActiveCfg = Debug|Any CPU
		{9D97082F-31BA-4A87-B381-0DD37ACA672D}.Debug|Any CPU.Build.0 = Debug|Any CPU
		{9D97082F-31BA-4A87-B381-0DD37ACA672D}.Release|Any CPU.ActiveCfg = Release|Any CPU
		{9D97082F-31BA-4A87-B381-0DD37ACA672D}.Release|Any CPU.Build.0 = Release|Any CPU
		{72491B42-4FE5-40EF-8981-069B1576B60A}.Debug|Any CPU.ActiveCfg = Debug|Any CPU
		{72491B42-4FE5-40EF-8981-069B1576B60A}.Debug|Any CPU.Build.0 = Debug|Any CPU
		{72491B42-4FE5-40EF-8981-069B1576B60A}.Release|Any CPU.ActiveCfg = Release|Any CPU
		{72491B42-4FE5-40EF-8981-069B1576B60A}.Release|Any CPU.Build.0 = Release|Any CPU
		{320DFB74-2870-497F-B145-7635DAFE239B}.Debug|Any CPU.ActiveCfg = Debug|Any CPU
		{320DFB74-2870-497F-B145-7635DAFE239B}.Debug|Any CPU.Build.0 = Debug|Any CPU
		{320DFB74-2870-497F-B145-7635DAFE239B}.Release|Any CPU.ActiveCfg = Release|Any CPU
		{320DFB74-2870-497F-B145-7635DAFE239B}.Release|Any CPU.Build.0 = Release|Any CPU
		{801DD0B5-D640-47B2-B3C6-52577DDBFAB4}.Debug|Any CPU.ActiveCfg = Debug|Any CPU
		{801DD0B5-D640-47B2-B3C6-52577DDBFAB4}.Debug|Any CPU.Build.0 = Debug|Any CPU
		{801DD0B5-D640-47B2-B3C6-52577DDBFAB4}.Release|Any CPU.ActiveCfg = Release|Any CPU
		{801DD0B5-D640-47B2-B3C6-52577DDBFAB4}.Release|Any CPU.Build.0 = Release|Any CPU
		{E56F1AEE-C674-4A7F-899B-0D9EB939DC08}.Debug|Any CPU.ActiveCfg = Debug|Any CPU
		{E56F1AEE-C674-4A7F-899B-0D9EB939DC08}.Debug|Any CPU.Build.0 = Debug|Any CPU
		{E56F1AEE-C674-4A7F-899B-0D9EB939DC08}.Release|Any CPU.ActiveCfg = Release|Any CPU
		{E56F1AEE-C674-4A7F-899B-0D9EB939DC08}.Release|Any CPU.Build.0 = Release|Any CPU
		{39DDE1ED-B521-46EE-922B-102B747F8631}.Debug|Any CPU.ActiveCfg = Debug|Any CPU
		{39DDE1ED-B521-46EE-922B-102B747F8631}.Debug|Any CPU.Build.0 = Debug|Any CPU
		{39DDE1ED-B521-46EE-922B-102B747F8631}.Release|Any CPU.ActiveCfg = Release|Any CPU
		{39DDE1ED-B521-46EE-922B-102B747F8631}.Release|Any CPU.Build.0 = Release|Any CPU
		{0D3E894D-B7CA-43D7-96D3-BD4E0C3C0205}.Debug|Any CPU.ActiveCfg = Debug|Any CPU
		{0D3E894D-B7CA-43D7-96D3-BD4E0C3C0205}.Debug|Any CPU.Build.0 = Debug|Any CPU
		{0D3E894D-B7CA-43D7-96D3-BD4E0C3C0205}.Release|Any CPU.ActiveCfg = Release|Any CPU
		{0D3E894D-B7CA-43D7-96D3-BD4E0C3C0205}.Release|Any CPU.Build.0 = Release|Any CPU
		{E1217A6C-2E6C-4232-A72C-A2444F1D8655}.Debug|Any CPU.ActiveCfg = Debug|Any CPU
		{E1217A6C-2E6C-4232-A72C-A2444F1D8655}.Debug|Any CPU.Build.0 = Debug|Any CPU
		{E1217A6C-2E6C-4232-A72C-A2444F1D8655}.Release|Any CPU.ActiveCfg = Release|Any CPU
		{E1217A6C-2E6C-4232-A72C-A2444F1D8655}.Release|Any CPU.Build.0 = Release|Any CPU
	EndGlobalSection
	GlobalSection(SolutionProperties) = preSolution
		HideSolutionNode = FALSE
	EndGlobalSection
	GlobalSection(ExtensibilityGlobals) = postSolution
		SolutionGuid = {D6A0DA94-9D17-4C89-8F44-E96EE1772113}
	EndGlobalSection
EndGlobal
