
Microsoft Visual Studio Solution File, Format Version 12.00
# Visual Studio Version 16
VisualStudioVersion = 16.0.30011.22
MinimumVisualStudioVersion = 10.0.40219.1
Project("{FAE04EC0-301F-11D3-BF4B-00C04F79EFBC}") = "CardApplication.Data", "CardApplication.Data\CardApplication.Data.csproj", "{69054971-96C7-4171-B883-36124C612AEF}"
EndProject
Project("{FAE04EC0-301F-11D3-BF4B-00C04F79EFBC}") = "CardApplication.View", "CardApplication.View\CardApplication.View.csproj", "{126452DA-8880-4E19-8AC8-5AF34FBEA7D6}"
EndProject
Global
	GlobalSection(SolutionConfigurationPlatforms) = preSolution
		Debug|Any CPU = Debug|Any CPU
		Release|Any CPU = Release|Any CPU
	EndGlobalSection
	GlobalSection(ProjectConfigurationPlatforms) = postSolution
		{69054971-96C7-4171-B883-36124C612AEF}.Debug|Any CPU.ActiveCfg = Debug|Any CPU
		{69054971-96C7-4171-B883-36124C612AEF}.Debug|Any CPU.Build.0 = Debug|Any CPU
		{69054971-96C7-4171-B883-36124C612AEF}.Release|Any CPU.ActiveCfg = Release|Any CPU
		{69054971-96C7-4171-B883-36124C612AEF}.Release|Any CPU.Build.0 = Release|Any CPU
		{126452DA-8880-4E19-8AC8-5AF34FBEA7D6}.Debug|Any CPU.ActiveCfg = Debug|Any CPU
		{126452DA-8880-4E19-8AC8-5AF34FBEA7D6}.Debug|Any CPU.Build.0 = Debug|Any CPU
		{126452DA-8880-4E19-8AC8-5AF34FBEA7D6}.Release|Any CPU.ActiveCfg = Release|Any CPU
		{126452DA-8880-4E19-8AC8-5AF34FBEA7D6}.Release|Any CPU.Build.0 = Release|Any CPU
	EndGlobalSection
	GlobalSection(SolutionProperties) = preSolution
		HideSolutionNode = FALSE
	EndGlobalSection
	GlobalSection(ExtensibilityGlobals) = postSolution
		SolutionGuid = {7CD6491A-5DAA-4242-BDD5-A3EBAC391443}
	EndGlobalSection
EndGlobal
