
Microsoft Visual Studio Solution File, Format Version 12.00
# Visual Studio Version 16
VisualStudioVersion = 16.0.30011.22
MinimumVisualStudioVersion = 10.0.40219.1
Project("{FAE04EC0-301F-11D3-BF4B-00C04F79EFBC}") = "CustomerBill.View", "CustomerBill.View\CustomerBill.View.csproj", "{1EED2D31-3998-466E-89AE-73435123DBFC}"
EndProject
Global
	GlobalSection(SolutionConfigurationPlatforms) = preSolution
		Debug|Any CPU = Debug|Any CPU
		Release|Any CPU = Release|Any CPU
	EndGlobalSection
	GlobalSection(ProjectConfigurationPlatforms) = postSolution
		{1EED2D31-3998-466E-89AE-73435123DBFC}.Debug|Any CPU.ActiveCfg = Debug|Any CPU
		{1EED2D31-3998-466E-89AE-73435123DBFC}.Debug|Any CPU.Build.0 = Debug|Any CPU
		{1EED2D31-3998-466E-89AE-73435123DBFC}.Release|Any CPU.ActiveCfg = Release|Any CPU
		{1EED2D31-3998-466E-89AE-73435123DBFC}.Release|Any CPU.Build.0 = Release|Any CPU
	EndGlobalSection
	GlobalSection(SolutionProperties) = preSolution
		HideSolutionNode = FALSE
	EndGlobalSection
	GlobalSection(ExtensibilityGlobals) = postSolution
		SolutionGuid = {1575875E-2B7B-41CD-A172-FF390BE2F924}
	EndGlobalSection
EndGlobal
